<Solution>
  <Folder Name="/Aspire/">
    <Project Path="src/Template.ApiServer.AppHost/Template.ApiServer.AppHost.csproj" DefaultStartup="true" />
  </Folder>
  <Folder Name="/Backend/">
    <Project Path="src/Template.ApiServer.Core/Template.ApiServer.Core.csproj" />
    <Project Path="src/Template.ApiServer.Host/Template.ApiServer.Host.csproj" />
  </Folder>
  <Folder Name="/Test/">
    <Project Path="tests/Template.ApiServer.UnitTests/Template.ApiServer.UnitTests.csproj" />
    <Project Path="tests/Template.ApiServer.IntegrationTests/Template.ApiServer.IntegrationTests.csproj" />
  </Folder>
  <Folder Name="/Solution Items/">
    <File Path=".editorconfig" />
    <File Path=".gitattributes" />
    <File Path=".gitignore" />
    <File Path="Analyzers.ruleset" />
    <File Path="CodeCoverage.runsettings" />
    <File Path="Directory.Build.props" />
    <File Path="Directory.Build.targets" />
    <File Path="LICENSE" />
    <File Path="README.md" />
    <File Path="Template.ApiServer.sln.DotSettings" />
  </Folder>
</Solution>
